
Microsoft Visual Studio Solution File, Format Version 12.00
# Visual Studio 15
VisualStudioVersion = 15.0.27703.2026
MinimumVisualStudioVersion = 10.0.40219.1
Project("{FAE04EC0-301F-11D3-BF4B-00C04F79EFBC}") = "Task1", "Task1\Task1.csproj", "{475BC7EF-EF9D-48C6-BDE0-33E0CAF9755C}"
EndProject
Project("{FAE04EC0-301F-11D3-BF4B-00C04F79EFBC}") = "Task2", "Task2\Task2.csproj", "{47AFCBA5-3D10-423B-AC3C-877507296064}"
EndProject
Project("{FAE04EC0-301F-11D3-BF4B-00C04F79EFBC}") = "Task3", "Task3\Task3.csproj", "{B8A10F9B-4EEF-44DA-9C43-C40729525429}"
EndProject
Project("{FAE04EC0-301F-11D3-BF4B-00C04F79EFBC}") = "Task4", "Task4\Task4.csproj", "{F919C35B-02C2-4C44-9656-8A085E0E1483}"
EndProject
Project("{FAE04EC0-301F-11D3-BF4B-00C04F79EFBC}") = "Task5", "Task5\Task5.csproj", "{E7908961-1B2B-4C00-AA65-977F33E42A5B}"
EndProject
Global
	GlobalSection(SolutionConfigurationPlatforms) = preSolution
		Debug|Any CPU = Debug|Any CPU
		Release|Any CPU = Release|Any CPU
	EndGlobalSection
	GlobalSection(ProjectConfigurationPlatforms) = postSolution
		{475BC7EF-EF9D-48C6-BDE0-33E0CAF9755C}.Debug|Any CPU.ActiveCfg = Debug|Any CPU
		{475BC7EF-EF9D-48C6-BDE0-33E0CAF9755C}.Debug|Any CPU.Build.0 = Debug|Any CPU
		{475BC7EF-EF9D-48C6-BDE0-33E0CAF9755C}.Release|Any CPU.ActiveCfg = Release|Any CPU
		{475BC7EF-EF9D-48C6-BDE0-33E0CAF9755C}.Release|Any CPU.Build.0 = Release|Any CPU
		{47AFCBA5-3D10-423B-AC3C-877507296064}.Debug|Any CPU.ActiveCfg = Debug|Any CPU
		{47AFCBA5-3D10-423B-AC3C-877507296064}.Debug|Any CPU.Build.0 = Debug|Any CPU
		{47AFCBA5-3D10-423B-AC3C-877507296064}.Release|Any CPU.ActiveCfg = Release|Any CPU
		{47AFCBA5-3D10-423B-AC3C-877507296064}.Release|Any CPU.Build.0 = Release|Any CPU
		{B8A10F9B-4EEF-44DA-9C43-C40729525429}.Debug|Any CPU.ActiveCfg = Debug|Any CPU
		{B8A10F9B-4EEF-44DA-9C43-C40729525429}.Debug|Any CPU.Build.0 = Debug|Any CPU
		{B8A10F9B-4EEF-44DA-9C43-C40729525429}.Release|Any CPU.ActiveCfg = Release|Any CPU
		{B8A10F9B-4EEF-44DA-9C43-C40729525429}.Release|Any CPU.Build.0 = Release|Any CPU
		{F919C35B-02C2-4C44-9656-8A085E0E1483}.Debug|Any CPU.ActiveCfg = Debug|Any CPU
		{F919C35B-02C2-4C44-9656-8A085E0E1483}.Debug|Any CPU.Build.0 = Debug|Any CPU
		{F919C35B-02C2-4C44-9656-8A085E0E1483}.Release|Any CPU.ActiveCfg = Release|Any CPU
		{F919C35B-02C2-4C44-9656-8A085E0E1483}.Release|Any CPU.Build.0 = Release|Any CPU
		{E7908961-1B2B-4C00-AA65-977F33E42A5B}.Debug|Any CPU.ActiveCfg = Debug|Any CPU
		{E7908961-1B2B-4C00-AA65-977F33E42A5B}.Debug|Any CPU.Build.0 = Debug|Any CPU
		{E7908961-1B2B-4C00-AA65-977F33E42A5B}.Release|Any CPU.ActiveCfg = Release|Any CPU
		{E7908961-1B2B-4C00-AA65-977F33E42A5B}.Release|Any CPU.Build.0 = Release|Any CPU
	EndGlobalSection
	GlobalSection(SolutionProperties) = preSolution
		HideSolutionNode = FALSE
	EndGlobalSection
	GlobalSection(ExtensibilityGlobals) = postSolution
		SolutionGuid = {1579D05C-980A-4297-B284-10B863F87741}
	EndGlobalSection
EndGlobal
