
Microsoft Visual Studio Solution File, Format Version 12.00
# Visual Studio 15
VisualStudioVersion = 15.0.28307.329
MinimumVisualStudioVersion = 10.0.40219.1
Project("{FAE04EC0-301F-11D3-BF4B-00C04F79EFBC}") = "Assignment2A", "Assignment2A\Assignment2A.csproj", "{09C3796D-574C-43BA-9863-FEA39EAF5AA6}"
EndProject
Global
	GlobalSection(SolutionConfigurationPlatforms) = preSolution
		Debug|Any CPU = Debug|Any CPU
		Release|Any CPU = Release|Any CPU
	EndGlobalSection
	GlobalSection(ProjectConfigurationPlatforms) = postSolution
		{09C3796D-574C-43BA-9863-FEA39EAF5AA6}.Debug|Any CPU.ActiveCfg = Debug|Any CPU
		{09C3796D-574C-43BA-9863-FEA39EAF5AA6}.Debug|Any CPU.Build.0 = Debug|Any CPU
		{09C3796D-574C-43BA-9863-FEA39EAF5AA6}.Release|Any CPU.ActiveCfg = Release|Any CPU
		{09C3796D-574C-43BA-9863-FEA39EAF5AA6}.Release|Any CPU.Build.0 = Release|Any CPU
	EndGlobalSection
	GlobalSection(SolutionProperties) = preSolution
		HideSolutionNode = FALSE
	EndGlobalSection
	GlobalSection(ExtensibilityGlobals) = postSolution
		SolutionGuid = {1BED7586-DAC3-4FE1-88FA-05E00C4B48A1}
	EndGlobalSection
EndGlobal
